
Microsoft Visual Studio Solution File, Format Version 12.00
# Visual Studio 15
VisualStudioVersion = 15.0.27703.2018
MinimumVisualStudioVersion = 10.0.40219.1
Project("{FAE04EC0-301F-11D3-BF4B-00C04F79EFBC}") = "Pledge", "Pledge\Pledge.csproj", "{3AF639B9-5929-4B7D-B91F-C7D4DE14B6E4}"
EndProject
Global
	GlobalSection(SolutionConfigurationPlatforms) = preSolution
		Debug|Any CPU = Debug|Any CPU
		Release|Any CPU = Release|Any CPU
	EndGlobalSection
	GlobalSection(ProjectConfigurationPlatforms) = postSolution
		{3AF639B9-5929-4B7D-B91F-C7D4DE14B6E4}.Debug|Any CPU.ActiveCfg = Debug|Any CPU
		{3AF639B9-5929-4B7D-B91F-C7D4DE14B6E4}.Debug|Any CPU.Build.0 = Debug|Any CPU
		{3AF639B9-5929-4B7D-B91F-C7D4DE14B6E4}.Release|Any CPU.ActiveCfg = Release|Any CPU
		{3AF639B9-5929-4B7D-B91F-C7D4DE14B6E4}.Release|Any CPU.Build.0 = Release|Any CPU
	EndGlobalSection
	GlobalSection(SolutionProperties) = preSolution
		HideSolutionNode = FALSE
	EndGlobalSection
	GlobalSection(ExtensibilityGlobals) = postSolution
		SolutionGuid = {EEB09CB3-CF54-4EAF-8BF4-1767EC030836}
	EndGlobalSection
EndGlobal
